
Microsoft Visual Studio Solution File, Format Version 12.00
# Visual Studio Version 17
VisualStudioVersion = 17.9.34616.47
MinimumVisualStudioVersion = 10.0.40219.1
Project("{FAE04EC0-301F-11D3-BF4B-00C04F79EFBC}") = "PagrindinePrograma", "PagrindinePrograma\PagrindinePrograma.csproj", "{4046D1CC-0924-4742-BDEB-D20275949096}"
EndProject
Project("{FAE04EC0-301F-11D3-BF4B-00C04F79EFBC}") = "PagrindinisProgramosFunckionalumas", "PagrindinisProgramosFunckionalumas\PagrindinisProgramosFunckionalumas.csproj", "{99E1D81C-768B-434C-BE33-6B706AB985C2}"
EndProject
Project("{FAE04EC0-301F-11D3-BF4B-00C04F79EFBC}") = "ProcedurosSuKlientaisIrAutomobiliais", "ProcedurosSuKlientaisIrAutomobiliais\ProcedurosSuKlientaisIrAutomobiliais.csproj", "{C0A4C353-D0A2-496E-9C3A-AF21863B1509}"
EndProject
Global
	GlobalSection(SolutionConfigurationPlatforms) = preSolution
		Debug|Any CPU = Debug|Any CPU
		Release|Any CPU = Release|Any CPU
	EndGlobalSection
	GlobalSection(ProjectConfigurationPlatforms) = postSolution
		{4046D1CC-0924-4742-BDEB-D20275949096}.Debug|Any CPU.ActiveCfg = Debug|Any CPU
		{4046D1CC-0924-4742-BDEB-D20275949096}.Debug|Any CPU.Build.0 = Debug|Any CPU
		{4046D1CC-0924-4742-BDEB-D20275949096}.Release|Any CPU.ActiveCfg = Release|Any CPU
		{4046D1CC-0924-4742-BDEB-D20275949096}.Release|Any CPU.Build.0 = Release|Any CPU
		{99E1D81C-768B-434C-BE33-6B706AB985C2}.Debug|Any CPU.ActiveCfg = Debug|Any CPU
		{99E1D81C-768B-434C-BE33-6B706AB985C2}.Debug|Any CPU.Build.0 = Debug|Any CPU
		{99E1D81C-768B-434C-BE33-6B706AB985C2}.Release|Any CPU.ActiveCfg = Release|Any CPU
		{99E1D81C-768B-434C-BE33-6B706AB985C2}.Release|Any CPU.Build.0 = Release|Any CPU
		{C0A4C353-D0A2-496E-9C3A-AF21863B1509}.Debug|Any CPU.ActiveCfg = Debug|Any CPU
		{C0A4C353-D0A2-496E-9C3A-AF21863B1509}.Debug|Any CPU.Build.0 = Debug|Any CPU
		{C0A4C353-D0A2-496E-9C3A-AF21863B1509}.Release|Any CPU.ActiveCfg = Release|Any CPU
		{C0A4C353-D0A2-496E-9C3A-AF21863B1509}.Release|Any CPU.Build.0 = Release|Any CPU
	EndGlobalSection
	GlobalSection(SolutionProperties) = preSolution
		HideSolutionNode = FALSE
	EndGlobalSection
	GlobalSection(ExtensibilityGlobals) = postSolution
		SolutionGuid = {9EF063EE-8ED1-426B-BB81-D3F008E39814}
	EndGlobalSection
EndGlobal
